
Microsoft Visual Studio Solution File, Format Version 12.00
# Visual Studio 15
VisualStudioVersion = 15.0.27130.2036
MinimumVisualStudioVersion = 10.0.40219.1
Project("{FAE04EC0-301F-11D3-BF4B-00C04F79EFBC}") = "testeAndroid.Android", "testeAndroid\testeAndroid.Android\testeAndroid.Android.csproj", "{7F00B146-E168-450B-B594-4AA089322412}"
EndProject
Project("{FAE04EC0-301F-11D3-BF4B-00C04F79EFBC}") = "testeAndroid.iOS", "testeAndroid\testeAndroid.iOS\testeAndroid.iOS.csproj", "{82C9440A-F750-4C04-A0DC-13F30D4B9B4D}"
EndProject
Project("{FAE04EC0-301F-11D3-BF4B-00C04F79EFBC}") = "testeAndroid.UWP", "testeAndroid\testeAndroid.UWP\testeAndroid.UWP.csproj", "{373C51F1-F650-4165-9907-22486DE4BE94}"
EndProject
Project("{FAE04EC0-301F-11D3-BF4B-00C04F79EFBC}") = "testeAndroid", "testeAndroid\testeAndroid\testeAndroid.csproj", "{477299BD-0D9C-4537-9A65-D760E7A8A15B}"
EndProject
Global
	GlobalSection(SolutionConfigurationPlatforms) = preSolution
		Ad-Hoc|Any CPU = Ad-Hoc|Any CPU
		Ad-Hoc|ARM = Ad-Hoc|ARM
		Ad-Hoc|iPhone = Ad-Hoc|iPhone
		Ad-Hoc|iPhoneSimulator = Ad-Hoc|iPhoneSimulator
		Ad-Hoc|x64 = Ad-Hoc|x64
		Ad-Hoc|x86 = Ad-Hoc|x86
		AppStore|Any CPU = AppStore|Any CPU
		AppStore|ARM = AppStore|ARM
		AppStore|iPhone = AppStore|iPhone
		AppStore|iPhoneSimulator = AppStore|iPhoneSimulator
		AppStore|x64 = AppStore|x64
		AppStore|x86 = AppStore|x86
		Debug|Any CPU = Debug|Any CPU
		Debug|ARM = Debug|ARM
		Debug|iPhone = Debug|iPhone
		Debug|iPhoneSimulator = Debug|iPhoneSimulator
		Debug|x64 = Debug|x64
		Debug|x86 = Debug|x86
		Release|Any CPU = Release|Any CPU
		Release|ARM = Release|ARM
		Release|iPhone = Release|iPhone
		Release|iPhoneSimulator = Release|iPhoneSimulator
		Release|x64 = Release|x64
		Release|x86 = Release|x86
	EndGlobalSection
	GlobalSection(ProjectConfigurationPlatforms) = postSolution
		{7F00B146-E168-450B-B594-4AA089322412}.Ad-Hoc|Any CPU.ActiveCfg = Release|Any CPU
		{7F00B146-E168-450B-B594-4AA089322412}.Ad-Hoc|Any CPU.Build.0 = Release|Any CPU
		{7F00B146-E168-450B-B594-4AA089322412}.Ad-Hoc|Any CPU.Deploy.0 = Release|Any CPU
		{7F00B146-E168-450B-B594-4AA089322412}.Ad-Hoc|ARM.ActiveCfg = Release|Any CPU
		{7F00B146-E168-450B-B594-4AA089322412}.Ad-Hoc|ARM.Build.0 = Release|Any CPU
		{7F00B146-E168-450B-B594-4AA089322412}.Ad-Hoc|ARM.Deploy.0 = Release|Any CPU
		{7F00B146-E168-450B-B594-4AA089322412}.Ad-Hoc|iPhone.ActiveCfg = Release|Any CPU
		{7F00B146-E168-450B-B594-4AA089322412}.Ad-Hoc|iPhone.Build.0 = Release|Any CPU
		{7F00B146-E168-450B-B594-4AA089322412}.Ad-Hoc|iPhone.Deploy.0 = Release|Any CPU
		{7F00B146-E168-450B-B594-4AA089322412}.Ad-Hoc|iPhoneSimulator.ActiveCfg = Release|Any CPU
		{7F00B146-E168-450B-B594-4AA089322412}.Ad-Hoc|iPhoneSimulator.Build.0 = Release|Any CPU
		{7F00B146-E168-450B-B594-4AA089322412}.Ad-Hoc|iPhoneSimulator.Deploy.0 = Release|Any CPU
		{7F00B146-E168-450B-B594-4AA089322412}.Ad-Hoc|x64.ActiveCfg = Release|Any CPU
		{7F00B146-E168-450B-B594-4AA089322412}.Ad-Hoc|x64.Build.0 = Release|Any CPU
		{7F00B146-E168-450B-B594-4AA089322412}.Ad-Hoc|x64.Deploy.0 = Release|Any CPU
		{7F00B146-E168-450B-B594-4AA089322412}.Ad-Hoc|x86.ActiveCfg = Release|Any CPU
		{7F00B146-E168-450B-B594-4AA089322412}.Ad-Hoc|x86.Build.0 = Release|Any CPU
		{7F00B146-E168-450B-B594-4AA089322412}.Ad-Hoc|x86.Deploy.0 = Release|Any CPU
		{7F00B146-E168-450B-B594-4AA089322412}.AppStore|Any CPU.ActiveCfg = Release|Any CPU
		{7F00B146-E168-450B-B594-4AA089322412}.AppStore|Any CPU.Build.0 = Release|Any CPU
		{7F00B146-E168-450B-B594-4AA089322412}.AppStore|Any CPU.Deploy.0 = Release|Any CPU
		{7F00B146-E168-450B-B594-4AA089322412}.AppStore|ARM.ActiveCfg = Release|Any CPU
		{7F00B146-E168-450B-B594-4AA089322412}.AppStore|ARM.Build.0 = Release|Any CPU
		{7F00B146-E168-450B-B594-4AA089322412}.AppStore|ARM.Deploy.0 = Release|Any CPU
		{7F00B146-E168-450B-B594-4AA089322412}.AppStore|iPhone.ActiveCfg = Release|Any CPU
		{7F00B146-E168-450B-B594-4AA089322412}.AppStore|iPhone.Build.0 = Release|Any CPU
		{7F00B146-E168-450B-B594-4AA089322412}.AppStore|iPhone.Deploy.0 = Release|Any CPU
		{7F00B146-E168-450B-B594-4AA089322412}.AppStore|iPhoneSimulator.ActiveCfg = Release|Any CPU
		{7F00B146-E168-450B-B594-4AA089322412}.AppStore|iPhoneSimulator.Build.0 = Release|Any CPU
		{7F00B146-E168-450B-B594-4AA089322412}.AppStore|iPhoneSimulator.Deploy.0 = Release|Any CPU
		{7F00B146-E168-450B-B594-4AA089322412}.AppStore|x64.ActiveCfg = Release|Any CPU
		{7F00B146-E168-450B-B594-4AA089322412}.AppStore|x64.Build.0 = Release|Any CPU
		{7F00B146-E168-450B-B594-4AA089322412}.AppStore|x64.Deploy.0 = Release|Any CPU
		{7F00B146-E168-450B-B594-4AA089322412}.AppStore|x86.ActiveCfg = Release|Any CPU
		{7F00B146-E168-450B-B594-4AA089322412}.AppStore|x86.Build.0 = Release|Any CPU
		{7F00B146-E168-450B-B594-4AA089322412}.AppStore|x86.Deploy.0 = Release|Any CPU
		{7F00B146-E168-450B-B594-4AA089322412}.Debug|Any CPU.ActiveCfg = Debug|Any CPU
		{7F00B146-E168-450B-B594-4AA089322412}.Debug|Any CPU.Build.0 = Debug|Any CPU
		{7F00B146-E168-450B-B594-4AA089322412}.Debug|Any CPU.Deploy.0 = Debug|Any CPU
		{7F00B146-E168-450B-B594-4AA089322412}.Debug|ARM.ActiveCfg = Debug|Any CPU
		{7F00B146-E168-450B-B594-4AA089322412}.Debug|ARM.Build.0 = Debug|Any CPU
		{7F00B146-E168-450B-B594-4AA089322412}.Debug|ARM.Deploy.0 = Debug|Any CPU
		{7F00B146-E168-450B-B594-4AA089322412}.Debug|iPhone.ActiveCfg = Debug|Any CPU
		{7F00B146-E168-450B-B594-4AA089322412}.Debug|iPhone.Build.0 = Debug|Any CPU
		{7F00B146-E168-450B-B594-4AA089322412}.Debug|iPhone.Deploy.0 = Debug|Any CPU
		{7F00B146-E168-450B-B594-4AA089322412}.Debug|iPhoneSimulator.ActiveCfg = Debug|Any CPU
		{7F00B146-E168-450B-B594-4AA089322412}.Debug|iPhoneSimulator.Build.0 = Debug|Any CPU
		{7F00B146-E168-450B-B594-4AA089322412}.Debug|iPhoneSimulator.Deploy.0 = Debug|Any CPU
		{7F00B146-E168-450B-B594-4AA089322412}.Debug|x64.ActiveCfg = Debug|Any CPU
		{7F00B146-E168-450B-B594-4AA089322412}.Debug|x64.Build.0 = Debug|Any CPU
		{7F00B146-E168-450B-B594-4AA089322412}.Debug|x64.Deploy.0 = Debug|Any CPU
		{7F00B146-E168-450B-B594-4AA089322412}.Debug|x86.ActiveCfg = Debug|Any CPU
		{7F00B146-E168-450B-B594-4AA089322412}.Debug|x86.Build.0 = Debug|Any CPU
		{7F00B146-E168-450B-B594-4AA089322412}.Debug|x86.Deploy.0 = Debug|Any CPU
		{7F00B146-E168-450B-B594-4AA089322412}.Release|Any CPU.ActiveCfg = Release|Any CPU
		{7F00B146-E168-450B-B594-4AA089322412}.Release|Any CPU.Build.0 = Release|Any CPU
		{7F00B146-E168-450B-B594-4AA089322412}.Release|Any CPU.Deploy.0 = Release|Any CPU
		{7F00B146-E168-450B-B594-4AA089322412}.Release|ARM.ActiveCfg = Release|Any CPU
		{7F00B146-E168-450B-B594-4AA089322412}.Release|ARM.Build.0 = Release|Any CPU
		{7F00B146-E168-450B-B594-4AA089322412}.Release|ARM.Deploy.0 = Release|Any CPU
		{7F00B146-E168-450B-B594-4AA089322412}.Release|iPhone.ActiveCfg = Release|Any CPU
		{7F00B146-E168-450B-B594-4AA089322412}.Release|iPhone.Build.0 = Release|Any CPU
		{7F00B146-E168-450B-B594-4AA089322412}.Release|iPhone.Deploy.0 = Release|Any CPU
		{7F00B146-E168-450B-B594-4AA089322412}.Release|iPhoneSimulator.ActiveCfg = Release|Any CPU
		{7F00B146-E168-450B-B594-4AA089322412}.Release|iPhoneSimulator.Build.0 = Release|Any CPU
		{7F00B146-E168-450B-B594-4AA089322412}.Release|iPhoneSimulator.Deploy.0 = Release|Any CPU
		{7F00B146-E168-450B-B594-4AA089322412}.Release|x64.ActiveCfg = Release|Any CPU
		{7F00B146-E168-450B-B594-4AA089322412}.Release|x64.Build.0 = Release|Any CPU
		{7F00B146-E168-450B-B594-4AA089322412}.Release|x64.Deploy.0 = Release|Any CPU
		{7F00B146-E168-450B-B594-4AA089322412}.Release|x86.ActiveCfg = Release|Any CPU
		{7F00B146-E168-450B-B594-4AA089322412}.Release|x86.Build.0 = Release|Any CPU
		{7F00B146-E168-450B-B594-4AA089322412}.Release|x86.Deploy.0 = Release|Any CPU
		{82C9440A-F750-4C04-A0DC-13F30D4B9B4D}.Ad-Hoc|Any CPU.ActiveCfg = Ad-Hoc|iPhone
		{82C9440A-F750-4C04-A0DC-13F30D4B9B4D}.Ad-Hoc|ARM.ActiveCfg = Ad-Hoc|iPhone
		{82C9440A-F750-4C04-A0DC-13F30D4B9B4D}.Ad-Hoc|iPhone.ActiveCfg = Ad-Hoc|iPhone
		{82C9440A-F750-4C04-A0DC-13F30D4B9B4D}.Ad-Hoc|iPhone.Build.0 = Ad-Hoc|iPhone
		{82C9440A-F750-4C04-A0DC-13F30D4B9B4D}.Ad-Hoc|iPhoneSimulator.ActiveCfg = Ad-Hoc|iPhoneSimulator
		{82C9440A-F750-4C04-A0DC-13F30D4B9B4D}.Ad-Hoc|iPhoneSimulator.Build.0 = Ad-Hoc|iPhoneSimulator
		{82C9440A-F750-4C04-A0DC-13F30D4B9B4D}.Ad-Hoc|x64.ActiveCfg = Ad-Hoc|iPhone
		{82C9440A-F750-4C04-A0DC-13F30D4B9B4D}.Ad-Hoc|x86.ActiveCfg = Ad-Hoc|iPhone
		{82C9440A-F750-4C04-A0DC-13F30D4B9B4D}.AppStore|Any CPU.ActiveCfg = AppStore|iPhone
		{82C9440A-F750-4C04-A0DC-13F30D4B9B4D}.AppStore|ARM.ActiveCfg = AppStore|iPhone
		{82C9440A-F750-4C04-A0DC-13F30D4B9B4D}.AppStore|iPhone.ActiveCfg = AppStore|iPhone
		{82C9440A-F750-4C04-A0DC-13F30D4B9B4D}.AppStore|iPhone.Build.0 = AppStore|iPhone
		{82C9440A-F750-4C04-A0DC-13F30D4B9B4D}.AppStore|iPhoneSimulator.ActiveCfg = AppStore|iPhoneSimulator
		{82C9440A-F750-4C04-A0DC-13F30D4B9B4D}.AppStore|iPhoneSimulator.Build.0 = AppStore|iPhoneSimulator
		{82C9440A-F750-4C04-A0DC-13F30D4B9B4D}.AppStore|x64.ActiveCfg = AppStore|iPhone
		{82C9440A-F750-4C04-A0DC-13F30D4B9B4D}.AppStore|x86.ActiveCfg = AppStore|iPhone
		{82C9440A-F750-4C04-A0DC-13F30D4B9B4D}.Debug|Any CPU.ActiveCfg = Debug|iPhone
		{82C9440A-F750-4C04-A0DC-13F30D4B9B4D}.Debug|ARM.ActiveCfg = Debug|iPhone
		{82C9440A-F750-4C04-A0DC-13F30D4B9B4D}.Debug|iPhone.ActiveCfg = Debug|iPhone
		{82C9440A-F750-4C04-A0DC-13F30D4B9B4D}.Debug|iPhone.Build.0 = Debug|iPhone
		{82C9440A-F750-4C04-A0DC-13F30D4B9B4D}.Debug|iPhoneSimulator.ActiveCfg = Debug|iPhoneSimulator
		{82C9440A-F750-4C04-A0DC-13F30D4B9B4D}.Debug|iPhoneSimulator.Build.0 = Debug|iPhoneSimulator
		{82C9440A-F750-4C04-A0DC-13F30D4B9B4D}.Debug|x64.ActiveCfg = Debug|iPhone
		{82C9440A-F750-4C04-A0DC-13F30D4B9B4D}.Debug|x86.ActiveCfg = Debug|iPhone
		{82C9440A-F750-4C04-A0DC-13F30D4B9B4D}.Release|Any CPU.ActiveCfg = Release|iPhone
		{82C9440A-F750-4C04-A0DC-13F30D4B9B4D}.Release|ARM.ActiveCfg = Release|iPhone
		{82C9440A-F750-4C04-A0DC-13F30D4B9B4D}.Release|iPhone.ActiveCfg = Release|iPhone
		{82C9440A-F750-4C04-A0DC-13F30D4B9B4D}.Release|iPhone.Build.0 = Release|iPhone
		{82C9440A-F750-4C04-A0DC-13F30D4B9B4D}.Release|iPhoneSimulator.ActiveCfg = Release|iPhoneSimulator
		{82C9440A-F750-4C04-A0DC-13F30D4B9B4D}.Release|iPhoneSimulator.Build.0 = Release|iPhoneSimulator
		{82C9440A-F750-4C04-A0DC-13F30D4B9B4D}.Release|x64.ActiveCfg = Release|iPhone
		{82C9440A-F750-4C04-A0DC-13F30D4B9B4D}.Release|x86.ActiveCfg = Release|iPhone
		{373C51F1-F650-4165-9907-22486DE4BE94}.Ad-Hoc|Any CPU.ActiveCfg = Release|x86
		{373C51F1-F650-4165-9907-22486DE4BE94}.Ad-Hoc|Any CPU.Build.0 = Release|x86
		{373C51F1-F650-4165-9907-22486DE4BE94}.Ad-Hoc|Any CPU.Deploy.0 = Release|x86
		{373C51F1-F650-4165-9907-22486DE4BE94}.Ad-Hoc|ARM.ActiveCfg = Release|ARM
		{373C51F1-F650-4165-9907-22486DE4BE94}.Ad-Hoc|ARM.Build.0 = Release|ARM
		{373C51F1-F650-4165-9907-22486DE4BE94}.Ad-Hoc|ARM.Deploy.0 = Release|ARM
		{373C51F1-F650-4165-9907-22486DE4BE94}.Ad-Hoc|iPhone.ActiveCfg = Release|x86
		{373C51F1-F650-4165-9907-22486DE4BE94}.Ad-Hoc|iPhone.Build.0 = Release|x86
		{373C51F1-F650-4165-9907-22486DE4BE94}.Ad-Hoc|iPhone.Deploy.0 = Release|x86
		{373C51F1-F650-4165-9907-22486DE4BE94}.Ad-Hoc|iPhoneSimulator.ActiveCfg = Release|x86
		{373C51F1-F650-4165-9907-22486DE4BE94}.Ad-Hoc|iPhoneSimulator.Build.0 = Release|x86
		{373C51F1-F650-4165-9907-22486DE4BE94}.Ad-Hoc|iPhoneSimulator.Deploy.0 = Release|x86
		{373C51F1-F650-4165-9907-22486DE4BE94}.Ad-Hoc|x64.ActiveCfg = Release|x64
		{373C51F1-F650-4165-9907-22486DE4BE94}.Ad-Hoc|x64.Build.0 = Release|x64
		{373C51F1-F650-4165-9907-22486DE4BE94}.Ad-Hoc|x64.Deploy.0 = Release|x64
		{373C51F1-F650-4165-9907-22486DE4BE94}.Ad-Hoc|x86.ActiveCfg = Release|x86
		{373C51F1-F650-4165-9907-22486DE4BE94}.Ad-Hoc|x86.Build.0 = Release|x86
		{373C51F1-F650-4165-9907-22486DE4BE94}.Ad-Hoc|x86.Deploy.0 = Release|x86
		{373C51F1-F650-4165-9907-22486DE4BE94}.AppStore|Any CPU.ActiveCfg = Release|x86
		{373C51F1-F650-4165-9907-22486DE4BE94}.AppStore|Any CPU.Build.0 = Release|x86
		{373C51F1-F650-4165-9907-22486DE4BE94}.AppStore|Any CPU.Deploy.0 = Release|x86
		{373C51F1-F650-4165-9907-22486DE4BE94}.AppStore|ARM.ActiveCfg = Release|ARM
		{373C51F1-F650-4165-9907-22486DE4BE94}.AppStore|ARM.Build.0 = Release|ARM
		{373C51F1-F650-4165-9907-22486DE4BE94}.AppStore|ARM.Deploy.0 = Release|ARM
		{373C51F1-F650-4165-9907-22486DE4BE94}.AppStore|iPhone.ActiveCfg = Release|x86
		{373C51F1-F650-4165-9907-22486DE4BE94}.AppStore|iPhone.Build.0 = Release|x86
		{373C51F1-F650-4165-9907-22486DE4BE94}.AppStore|iPhone.Deploy.0 = Release|x86
		{373C51F1-F650-4165-9907-22486DE4BE94}.AppStore|iPhoneSimulator.ActiveCfg = Release|x86
		{373C51F1-F650-4165-9907-22486DE4BE94}.AppStore|iPhoneSimulator.Build.0 = Release|x86
		{373C51F1-F650-4165-9907-22486DE4BE94}.AppStore|iPhoneSimulator.Deploy.0 = Release|x86
		{373C51F1-F650-4165-9907-22486DE4BE94}.AppStore|x64.ActiveCfg = Release|x64
		{373C51F1-F650-4165-9907-22486DE4BE94}.AppStore|x64.Build.0 = Release|x64
		{373C51F1-F650-4165-9907-22486DE4BE94}.AppStore|x64.Deploy.0 = Release|x64
		{373C51F1-F650-4165-9907-22486DE4BE94}.AppStore|x86.ActiveCfg = Release|x86
		{373C51F1-F650-4165-9907-22486DE4BE94}.AppStore|x86.Build.0 = Release|x86
		{373C51F1-F650-4165-9907-22486DE4BE94}.AppStore|x86.Deploy.0 = Release|x86
		{373C51F1-F650-4165-9907-22486DE4BE94}.Debug|Any CPU.ActiveCfg = Debug|x86
		{373C51F1-F650-4165-9907-22486DE4BE94}.Debug|ARM.ActiveCfg = Debug|ARM
		{373C51F1-F650-4165-9907-22486DE4BE94}.Debug|ARM.Build.0 = Debug|ARM
		{373C51F1-F650-4165-9907-22486DE4BE94}.Debug|ARM.Deploy.0 = Debug|ARM
		{373C51F1-F650-4165-9907-22486DE4BE94}.Debug|iPhone.ActiveCfg = Debug|x86
		{373C51F1-F650-4165-9907-22486DE4BE94}.Debug|iPhoneSimulator.ActiveCfg = Debug|x86
		{373C51F1-F650-4165-9907-22486DE4BE94}.Debug|x64.ActiveCfg = Debug|x64
		{373C51F1-F650-4165-9907-22486DE4BE94}.Debug|x64.Build.0 = Debug|x64
		{373C51F1-F650-4165-9907-22486DE4BE94}.Debug|x64.Deploy.0 = Debug|x64
		{373C51F1-F650-4165-9907-22486DE4BE94}.Debug|x86.ActiveCfg = Debug|x86
		{373C51F1-F650-4165-9907-22486DE4BE94}.Debug|x86.Build.0 = Debug|x86
		{373C51F1-F650-4165-9907-22486DE4BE94}.Debug|x86.Deploy.0 = Debug|x86
		{373C51F1-F650-4165-9907-22486DE4BE94}.Release|Any CPU.ActiveCfg = Release|x86
		{373C51F1-F650-4165-9907-22486DE4BE94}.Release|ARM.ActiveCfg = Release|ARM
		{373C51F1-F650-4165-9907-22486DE4BE94}.Release|ARM.Build.0 = Release|ARM
		{373C51F1-F650-4165-9907-22486DE4BE94}.Release|ARM.Deploy.0 = Release|ARM
		{373C51F1-F650-4165-9907-22486DE4BE94}.Release|iPhone.ActiveCfg = Release|x86
		{373C51F1-F650-4165-9907-22486DE4BE94}.Release|iPhoneSimulator.ActiveCfg = Release|x86
		{373C51F1-F650-4165-9907-22486DE4BE94}.Release|x64.ActiveCfg = Release|x64
		{373C51F1-F650-4165-9907-22486DE4BE94}.Release|x64.Build.0 = Release|x64
		{373C51F1-F650-4165-9907-22486DE4BE94}.Release|x64.Deploy.0 = Release|x64
		{373C51F1-F650-4165-9907-22486DE4BE94}.Release|x86.ActiveCfg = Release|x86
		{373C51F1-F650-4165-9907-22486DE4BE94}.Release|x86.Build.0 = Release|x86
		{373C51F1-F650-4165-9907-22486DE4BE94}.Release|x86.Deploy.0 = Release|x86
		{477299BD-0D9C-4537-9A65-D760E7A8A15B}.Ad-Hoc|Any CPU.ActiveCfg = Debug|Any CPU
		{477299BD-0D9C-4537-9A65-D760E7A8A15B}.Ad-Hoc|Any CPU.Build.0 = Debug|Any CPU
		{477299BD-0D9C-4537-9A65-D760E7A8A15B}.Ad-Hoc|ARM.ActiveCfg = Debug|Any CPU
		{477299BD-0D9C-4537-9A65-D760E7A8A15B}.Ad-Hoc|ARM.Build.0 = Debug|Any CPU
		{477299BD-0D9C-4537-9A65-D760E7A8A15B}.Ad-Hoc|iPhone.ActiveCfg = Debug|Any CPU
		{477299BD-0D9C-4537-9A65-D760E7A8A15B}.Ad-Hoc|iPhone.Build.0 = Debug|Any CPU
		{477299BD-0D9C-4537-9A65-D760E7A8A15B}.Ad-Hoc|iPhoneSimulator.ActiveCfg = Debug|Any CPU
		{477299BD-0D9C-4537-9A65-D760E7A8A15B}.Ad-Hoc|iPhoneSimulator.Build.0 = Debug|Any CPU
		{477299BD-0D9C-4537-9A65-D760E7A8A15B}.Ad-Hoc|x64.ActiveCfg = Debug|Any CPU
		{477299BD-0D9C-4537-9A65-D760E7A8A15B}.Ad-Hoc|x64.Build.0 = Debug|Any CPU
		{477299BD-0D9C-4537-9A65-D760E7A8A15B}.Ad-Hoc|x86.ActiveCfg = Debug|Any CPU
		{477299BD-0D9C-4537-9A65-D760E7A8A15B}.Ad-Hoc|x86.Build.0 = Debug|Any CPU
		{477299BD-0D9C-4537-9A65-D760E7A8A15B}.AppStore|Any CPU.ActiveCfg = Debug|Any CPU
		{477299BD-0D9C-4537-9A65-D760E7A8A15B}.AppStore|Any CPU.Build.0 = Debug|Any CPU
		{477299BD-0D9C-4537-9A65-D760E7A8A15B}.AppStore|ARM.ActiveCfg = Debug|Any CPU
		{477299BD-0D9C-4537-9A65-D760E7A8A15B}.AppStore|ARM.Build.0 = Debug|Any CPU
		{477299BD-0D9C-4537-9A65-D760E7A8A15B}.AppStore|iPhone.ActiveCfg = Debug|Any CPU
		{477299BD-0D9C-4537-9A65-D760E7A8A15B}.AppStore|iPhone.Build.0 = Debug|Any CPU
		{477299BD-0D9C-4537-9A65-D760E7A8A15B}.AppStore|iPhoneSimulator.ActiveCfg = Debug|Any CPU
		{477299BD-0D9C-4537-9A65-D760E7A8A15B}.AppStore|iPhoneSimulator.Build.0 = Debug|Any CPU
		{477299BD-0D9C-4537-9A65-D760E7A8A15B}.AppStore|x64.ActiveCfg = Debug|Any CPU
		{477299BD-0D9C-4537-9A65-D760E7A8A15B}.AppStore|x64.Build.0 = Debug|Any CPU
		{477299BD-0D9C-4537-9A65-D760E7A8A15B}.AppStore|x86.ActiveCfg = Debug|Any CPU
		{477299BD-0D9C-4537-9A65-D760E7A8A15B}.AppStore|x86.Build.0 = Debug|Any CPU
		{477299BD-0D9C-4537-9A65-D760E7A8A15B}.Debug|Any CPU.ActiveCfg = Debug|Any CPU
		{477299BD-0D9C-4537-9A65-D760E7A8A15B}.Debug|Any CPU.Build.0 = Debug|Any CPU
		{477299BD-0D9C-4537-9A65-D760E7A8A15B}.Debug|ARM.ActiveCfg = Debug|Any CPU
		{477299BD-0D9C-4537-9A65-D760E7A8A15B}.Debug|ARM.Build.0 = Debug|Any CPU
		{477299BD-0D9C-4537-9A65-D760E7A8A15B}.Debug|iPhone.ActiveCfg = Debug|Any CPU
		{477299BD-0D9C-4537-9A65-D760E7A8A15B}.Debug|iPhone.Build.0 = Debug|Any CPU
		{477299BD-0D9C-4537-9A65-D760E7A8A15B}.Debug|iPhoneSimulator.ActiveCfg = Debug|Any CPU
		{477299BD-0D9C-4537-9A65-D760E7A8A15B}.Debug|iPhoneSimulator.Build.0 = Debug|Any CPU
		{477299BD-0D9C-4537-9A65-D760E7A8A15B}.Debug|x64.ActiveCfg = Debug|Any CPU
		{477299BD-0D9C-4537-9A65-D760E7A8A15B}.Debug|x64.Build.0 = Debug|Any CPU
		{477299BD-0D9C-4537-9A65-D760E7A8A15B}.Debug|x86.ActiveCfg = Debug|Any CPU
		{477299BD-0D9C-4537-9A65-D760E7A8A15B}.Debug|x86.Build.0 = Debug|Any CPU
		{477299BD-0D9C-4537-9A65-D760E7A8A15B}.Release|Any CPU.ActiveCfg = Release|Any CPU
		{477299BD-0D9C-4537-9A65-D760E7A8A15B}.Release|Any CPU.Build.0 = Release|Any CPU
		{477299BD-0D9C-4537-9A65-D760E7A8A15B}.Release|ARM.ActiveCfg = Release|Any CPU
		{477299BD-0D9C-4537-9A65-D760E7A8A15B}.Release|ARM.Build.0 = Release|Any CPU
		{477299BD-0D9C-4537-9A65-D760E7A8A15B}.Release|iPhone.ActiveCfg = Release|Any CPU
		{477299BD-0D9C-4537-9A65-D760E7A8A15B}.Release|iPhone.Build.0 = Release|Any CPU
		{477299BD-0D9C-4537-9A65-D760E7A8A15B}.Release|iPhoneSimulator.ActiveCfg = Release|Any CPU
		{477299BD-0D9C-4537-9A65-D760E7A8A15B}.Release|iPhoneSimulator.Build.0 = Release|Any CPU
		{477299BD-0D9C-4537-9A65-D760E7A8A15B}.Release|x64.ActiveCfg = Release|Any CPU
		{477299BD-0D9C-4537-9A65-D760E7A8A15B}.Release|x64.Build.0 = Release|Any CPU
		{477299BD-0D9C-4537-9A65-D760E7A8A15B}.Release|x86.ActiveCfg = Release|Any CPU
		{477299BD-0D9C-4537-9A65-D760E7A8A15B}.Release|x86.Build.0 = Release|Any CPU
	EndGlobalSection
	GlobalSection(SolutionProperties) = preSolution
		HideSolutionNode = FALSE
	EndGlobalSection
	GlobalSection(ExtensibilityGlobals) = postSolution
		SolutionGuid = {FC85E5AA-1BB3-457E-8A87-EC47B0DFA707}
	EndGlobalSection
EndGlobal
